
Microsoft Visual Studio Solution File, Format Version 12.00
# Visual Studio Version 17
VisualStudioVersion = 17.8.34511.84
MinimumVisualStudioVersion = 10.0.40219.1
Project("{FAE04EC0-301F-11D3-BF4B-00C04F79EFBC}") = "COMP003A.FinalProject", "COMP003A.FinalProject\COMP003A.FinalProject.csproj", "{F08C7C57-B8C9-475E-BC85-4935DB98793A}"
EndProject
Global
	GlobalSection(SolutionConfigurationPlatforms) = preSolution
		Debug|Any CPU = Debug|Any CPU
		Release|Any CPU = Release|Any CPU
	EndGlobalSection
	GlobalSection(ProjectConfigurationPlatforms) = postSolution
		{F08C7C57-B8C9-475E-BC85-4935DB98793A}.Debug|Any CPU.ActiveCfg = Debug|Any CPU
		{F08C7C57-B8C9-475E-BC85-4935DB98793A}.Debug|Any CPU.Build.0 = Debug|Any CPU
		{F08C7C57-B8C9-475E-BC85-4935DB98793A}.Release|Any CPU.ActiveCfg = Release|Any CPU
		{F08C7C57-B8C9-475E-BC85-4935DB98793A}.Release|Any CPU.Build.0 = Release|Any CPU
	EndGlobalSection
	GlobalSection(SolutionProperties) = preSolution
		HideSolutionNode = FALSE
	EndGlobalSection
	GlobalSection(ExtensibilityGlobals) = postSolution
		SolutionGuid = {A6C11CE4-34AB-40D6-9024-D4759D3B6E30}
	EndGlobalSection
EndGlobal
